
Microsoft Visual Studio Solution File, Format Version 12.00
# Visual Studio 15
Project("{FAE04EC0-301F-11D3-BF4B-00C04F79EFBC}") = "Assembly-CSharp", "Assembly-CSharp.csproj", "{C3137A6C-62E3-F45D-B9AA-F29E870C1420}"
EndProject
Project("{FAE04EC0-301F-11D3-BF4B-00C04F79EFBC}") = "Assembly-CSharp-Editor-firstpass", "Assembly-CSharp-Editor-firstpass.csproj", "{3ADC1C09-4DB7-A128-A449-0E512EAC025F}"
EndProject
Project("{FAE04EC0-301F-11D3-BF4B-00C04F79EFBC}") = "Assembly-CSharp-Editor", "Assembly-CSharp-Editor.csproj", "{5C876389-C30F-5118-C7C1-181321F4662B}"
EndProject
Global
	GlobalSection(SolutionConfigurationPlatforms) = preSolution
		Debug|Any CPU = Debug|Any CPU
		Release|Any CPU = Release|Any CPU
	EndGlobalSection
	GlobalSection(ProjectConfigurationPlatforms) = postSolution
		{C3137A6C-62E3-F45D-B9AA-F29E870C1420}.Debug|Any CPU.ActiveCfg = Debug|Any CPU
		{C3137A6C-62E3-F45D-B9AA-F29E870C1420}.Debug|Any CPU.Build.0 = Debug|Any CPU
		{C3137A6C-62E3-F45D-B9AA-F29E870C1420}.Release|Any CPU.ActiveCfg = Release|Any CPU
		{C3137A6C-62E3-F45D-B9AA-F29E870C1420}.Release|Any CPU.Build.0 = Release|Any CPU
		{3ADC1C09-4DB7-A128-A449-0E512EAC025F}.Debug|Any CPU.ActiveCfg = Debug|Any CPU
		{3ADC1C09-4DB7-A128-A449-0E512EAC025F}.Debug|Any CPU.Build.0 = Debug|Any CPU
		{3ADC1C09-4DB7-A128-A449-0E512EAC025F}.Release|Any CPU.ActiveCfg = Release|Any CPU
		{3ADC1C09-4DB7-A128-A449-0E512EAC025F}.Release|Any CPU.Build.0 = Release|Any CPU
		{5C876389-C30F-5118-C7C1-181321F4662B}.Debug|Any CPU.ActiveCfg = Debug|Any CPU
		{5C876389-C30F-5118-C7C1-181321F4662B}.Debug|Any CPU.Build.0 = Debug|Any CPU
		{5C876389-C30F-5118-C7C1-181321F4662B}.Release|Any CPU.ActiveCfg = Release|Any CPU
		{5C876389-C30F-5118-C7C1-181321F4662B}.Release|Any CPU.Build.0 = Release|Any CPU
	EndGlobalSection
	GlobalSection(SolutionProperties) = preSolution
		HideSolutionNode = FALSE
	EndGlobalSection
EndGlobal
